
Microsoft Visual Studio Solution File, Format Version 12.00
# Visual Studio Version 17
VisualStudioVersion = 17.9.34902.65
MinimumVisualStudioVersion = 10.0.40219.1
Project("{FAE04EC0-301F-11D3-BF4B-00C04F79EFBC}") = "FinanceTracker", "FinanceTracker\FinanceTracker.csproj", "{368B823A-0E83-46F1-BDAA-0FC9EA718614}"
EndProject
Global
	GlobalSection(SolutionConfigurationPlatforms) = preSolution
		Debug|Any CPU = Debug|Any CPU
		Release|Any CPU = Release|Any CPU
	EndGlobalSection
	GlobalSection(ProjectConfigurationPlatforms) = postSolution
		{368B823A-0E83-46F1-BDAA-0FC9EA718614}.Debug|Any CPU.ActiveCfg = Debug|Any CPU
		{368B823A-0E83-46F1-BDAA-0FC9EA718614}.Debug|Any CPU.Build.0 = Debug|Any CPU
		{368B823A-0E83-46F1-BDAA-0FC9EA718614}.Release|Any CPU.ActiveCfg = Release|Any CPU
		{368B823A-0E83-46F1-BDAA-0FC9EA718614}.Release|Any CPU.Build.0 = Release|Any CPU
	EndGlobalSection
	GlobalSection(SolutionProperties) = preSolution
		HideSolutionNode = FALSE
	EndGlobalSection
	GlobalSection(ExtensibilityGlobals) = postSolution
		SolutionGuid = {C5FD068F-3B88-4913-A3AC-1554E8D985D4}
	EndGlobalSection
EndGlobal
